
Microsoft Visual Studio Solution File, Format Version 12.00
# Visual Studio Version 17
VisualStudioVersion = 17.1.32210.238
MinimumVisualStudioVersion = 10.0.40219.1
Project("{9A19103F-16F7-4668-BE54-9A1E7A4F7556}") = "ITTP.Server", "ITTP.Server\ITTP.Server.csproj", "{8BAF47B2-14BD-407E-B07D-D26059E15947}"
EndProject
Project("{9A19103F-16F7-4668-BE54-9A1E7A4F7556}") = "ITTP.Core", "ITTP.Core\ITTP.Core.csproj", "{29C80508-A1C2-49EE-9756-E2C42EBA1FE2}"
EndProject
Project("{2150E333-8FDC-42A3-9474-1A3956D46DE8}") = "Database", "Database", "{133B085F-3E70-44BC-AF4F-0E4F9D24FAF2}"
EndProject
Project("{9A19103F-16F7-4668-BE54-9A1E7A4F7556}") = "ITTP.Database.Context", "Database\ITTP.Database.Context\ITTP.Database.Context.csproj", "{A8E0B725-FB48-4FF3-B7B1-F3313A77C25E}"
EndProject
Project("{9A19103F-16F7-4668-BE54-9A1E7A4F7556}") = "ITTP.Database.Models", "Database\ITTP.Database.Models\ITTP.Database.Models.csproj", "{35285E26-EC2F-4745-8FD0-75E221D02565}"
EndProject
Project("{9A19103F-16F7-4668-BE54-9A1E7A4F7556}") = "ITTP.Database.Repositories", "Database\ITTP.Database.Repositories\ITTP.Database.Repositories.csproj", "{4FE82FEF-559B-4B9A-A62E-4A74E01AF9FE}"
EndProject
Project("{2150E333-8FDC-42A3-9474-1A3956D46DE8}") = "Services", "Services", "{6CFFE748-0A2A-4C7A-9309-ADE972103496}"
EndProject
Project("{9A19103F-16F7-4668-BE54-9A1E7A4F7556}") = "ITTP.Services.UserService", "Services\ITTP.Services.UserService\ITTP.Services.UserService.csproj", "{F568D907-30B9-4680-9B6C-DAC78A84F94C}"
EndProject
Project("{9A19103F-16F7-4668-BE54-9A1E7A4F7556}") = "ITTP.Datatransfer.HttpDto", "Datatransfer\ITTP.Datatransfer.HttpDto\ITTP.Datatransfer.HttpDto.csproj", "{E2007ACD-E9DA-418F-AABE-D0483D7DD94A}"
EndProject
Project("{2150E333-8FDC-42A3-9474-1A3956D46DE8}") = "Datatransfer", "Datatransfer", "{598B8E80-B052-4016-BE0D-8DBF7F06B7D3}"
EndProject
Project("{9A19103F-16F7-4668-BE54-9A1E7A4F7556}") = "ITTP.Services.AuthService", "Services\ITTP.Services.AuthService\ITTP.Services.AuthService.csproj", "{A781E08C-9AD9-4423-AB1C-9D4AFCE29DD0}"
EndProject
Project("{2150E333-8FDC-42A3-9474-1A3956D46DE8}") = "Tests", "Tests", "{33758C45-D553-41F6-83A7-4565C96C49EC}"
EndProject
Project("{2150E333-8FDC-42A3-9474-1A3956D46DE8}") = "Services", "Services", "{D5D6310F-BD0C-40D2-80C2-B877BCD3C50A}"
EndProject
Project("{FAE04EC0-301F-11D3-BF4B-00C04F79EFBC}") = "ITTP.Services.UserService.Tests", "Tests\Services\ITTP.Services.UserService.Tests\ITTP.Services.UserService.Tests.csproj", "{8A807FB9-3C5B-4F4E-B63D-3F5074E7EBDA}"
EndProject
Global
	GlobalSection(SolutionConfigurationPlatforms) = preSolution
		Debug|Any CPU = Debug|Any CPU
		Release|Any CPU = Release|Any CPU
	EndGlobalSection
	GlobalSection(ProjectConfigurationPlatforms) = postSolution
		{8BAF47B2-14BD-407E-B07D-D26059E15947}.Debug|Any CPU.ActiveCfg = Debug|Any CPU
		{8BAF47B2-14BD-407E-B07D-D26059E15947}.Debug|Any CPU.Build.0 = Debug|Any CPU
		{8BAF47B2-14BD-407E-B07D-D26059E15947}.Release|Any CPU.ActiveCfg = Release|Any CPU
		{8BAF47B2-14BD-407E-B07D-D26059E15947}.Release|Any CPU.Build.0 = Release|Any CPU
		{29C80508-A1C2-49EE-9756-E2C42EBA1FE2}.Debug|Any CPU.ActiveCfg = Debug|Any CPU
		{29C80508-A1C2-49EE-9756-E2C42EBA1FE2}.Debug|Any CPU.Build.0 = Debug|Any CPU
		{29C80508-A1C2-49EE-9756-E2C42EBA1FE2}.Release|Any CPU.ActiveCfg = Release|Any CPU
		{29C80508-A1C2-49EE-9756-E2C42EBA1FE2}.Release|Any CPU.Build.0 = Release|Any CPU
		{A8E0B725-FB48-4FF3-B7B1-F3313A77C25E}.Debug|Any CPU.ActiveCfg = Debug|Any CPU
		{A8E0B725-FB48-4FF3-B7B1-F3313A77C25E}.Debug|Any CPU.Build.0 = Debug|Any CPU
		{A8E0B725-FB48-4FF3-B7B1-F3313A77C25E}.Release|Any CPU.ActiveCfg = Release|Any CPU
		{A8E0B725-FB48-4FF3-B7B1-F3313A77C25E}.Release|Any CPU.Build.0 = Release|Any CPU
		{35285E26-EC2F-4745-8FD0-75E221D02565}.Debug|Any CPU.ActiveCfg = Debug|Any CPU
		{35285E26-EC2F-4745-8FD0-75E221D02565}.Debug|Any CPU.Build.0 = Debug|Any CPU
		{35285E26-EC2F-4745-8FD0-75E221D02565}.Release|Any CPU.ActiveCfg = Release|Any CPU
		{35285E26-EC2F-4745-8FD0-75E221D02565}.Release|Any CPU.Build.0 = Release|Any CPU
		{4FE82FEF-559B-4B9A-A62E-4A74E01AF9FE}.Debug|Any CPU.ActiveCfg = Debug|Any CPU
		{4FE82FEF-559B-4B9A-A62E-4A74E01AF9FE}.Debug|Any CPU.Build.0 = Debug|Any CPU
		{4FE82FEF-559B-4B9A-A62E-4A74E01AF9FE}.Release|Any CPU.ActiveCfg = Release|Any CPU
		{4FE82FEF-559B-4B9A-A62E-4A74E01AF9FE}.Release|Any CPU.Build.0 = Release|Any CPU
		{F568D907-30B9-4680-9B6C-DAC78A84F94C}.Debug|Any CPU.ActiveCfg = Debug|Any CPU
		{F568D907-30B9-4680-9B6C-DAC78A84F94C}.Debug|Any CPU.Build.0 = Debug|Any CPU
		{F568D907-30B9-4680-9B6C-DAC78A84F94C}.Release|Any CPU.ActiveCfg = Release|Any CPU
		{F568D907-30B9-4680-9B6C-DAC78A84F94C}.Release|Any CPU.Build.0 = Release|Any CPU
		{E2007ACD-E9DA-418F-AABE-D0483D7DD94A}.Debug|Any CPU.ActiveCfg = Debug|Any CPU
		{E2007ACD-E9DA-418F-AABE-D0483D7DD94A}.Debug|Any CPU.Build.0 = Debug|Any CPU
		{E2007ACD-E9DA-418F-AABE-D0483D7DD94A}.Release|Any CPU.ActiveCfg = Release|Any CPU
		{E2007ACD-E9DA-418F-AABE-D0483D7DD94A}.Release|Any CPU.Build.0 = Release|Any CPU
		{A781E08C-9AD9-4423-AB1C-9D4AFCE29DD0}.Debug|Any CPU.ActiveCfg = Debug|Any CPU
		{A781E08C-9AD9-4423-AB1C-9D4AFCE29DD0}.Debug|Any CPU.Build.0 = Debug|Any CPU
		{A781E08C-9AD9-4423-AB1C-9D4AFCE29DD0}.Release|Any CPU.ActiveCfg = Release|Any CPU
		{A781E08C-9AD9-4423-AB1C-9D4AFCE29DD0}.Release|Any CPU.Build.0 = Release|Any CPU
		{8A807FB9-3C5B-4F4E-B63D-3F5074E7EBDA}.Debug|Any CPU.ActiveCfg = Debug|Any CPU
		{8A807FB9-3C5B-4F4E-B63D-3F5074E7EBDA}.Debug|Any CPU.Build.0 = Debug|Any CPU
		{8A807FB9-3C5B-4F4E-B63D-3F5074E7EBDA}.Release|Any CPU.ActiveCfg = Release|Any CPU
		{8A807FB9-3C5B-4F4E-B63D-3F5074E7EBDA}.Release|Any CPU.Build.0 = Release|Any CPU
	EndGlobalSection
	GlobalSection(SolutionProperties) = preSolution
		HideSolutionNode = FALSE
	EndGlobalSection
	GlobalSection(NestedProjects) = preSolution
		{A8E0B725-FB48-4FF3-B7B1-F3313A77C25E} = {133B085F-3E70-44BC-AF4F-0E4F9D24FAF2}
		{35285E26-EC2F-4745-8FD0-75E221D02565} = {133B085F-3E70-44BC-AF4F-0E4F9D24FAF2}
		{4FE82FEF-559B-4B9A-A62E-4A74E01AF9FE} = {133B085F-3E70-44BC-AF4F-0E4F9D24FAF2}
		{F568D907-30B9-4680-9B6C-DAC78A84F94C} = {6CFFE748-0A2A-4C7A-9309-ADE972103496}
		{E2007ACD-E9DA-418F-AABE-D0483D7DD94A} = {598B8E80-B052-4016-BE0D-8DBF7F06B7D3}
		{A781E08C-9AD9-4423-AB1C-9D4AFCE29DD0} = {6CFFE748-0A2A-4C7A-9309-ADE972103496}
		{D5D6310F-BD0C-40D2-80C2-B877BCD3C50A} = {33758C45-D553-41F6-83A7-4565C96C49EC}
		{8A807FB9-3C5B-4F4E-B63D-3F5074E7EBDA} = {D5D6310F-BD0C-40D2-80C2-B877BCD3C50A}
	EndGlobalSection
	GlobalSection(ExtensibilityGlobals) = postSolution
		SolutionGuid = {E498C609-CEDE-4F47-ACED-77684D535F05}
	EndGlobalSection
EndGlobal
